
Microsoft Visual Studio Solution File, Format Version 12.00
# Visual Studio 15
Project("{FAE04EC0-301F-11D3-BF4B-00C04F79EFBC}") = "ContosoUniversity", "ContosoUniversity.csproj", "{7ADA2B81-AF7E-4BAC-940E-CF3BB797756C}"
EndProject
Global
	GlobalSection(SolutionConfigurationPlatforms) = preSolution
		Debug|Any CPU = Debug|Any CPU
		Release|Any CPU = Release|Any CPU
	EndGlobalSection
	GlobalSection(ProjectConfigurationPlatforms) = postSolution
		{7ADA2B81-AF7E-4BAC-940E-CF3BB797756C}.Debug|Any CPU.ActiveCfg = Debug|Any CPU
		{7ADA2B81-AF7E-4BAC-940E-CF3BB797756C}.Debug|Any CPU.Build.0 = Debug|Any CPU
		{7ADA2B81-AF7E-4BAC-940E-CF3BB797756C}.Release|Any CPU.ActiveCfg = Release|Any CPU
		{7ADA2B81-AF7E-4BAC-940E-CF3BB797756C}.Release|Any CPU.Build.0 = Release|Any CPU
	EndGlobalSection
EndGlobal
